
Microsoft Visual Studio Solution File, Format Version 12.00
# Visual Studio Version 17
VisualStudioVersion = 17.2.32516.85
MinimumVisualStudioVersion = 10.0.40219.1
Project("{FAE04EC0-301F-11D3-BF4B-00C04F79EFBC}") = "DI_Demo_EF", "DI_Demo_EF.csproj", "{3D0875AB-7FF8-4B02-9FA8-75761419B61F}"
EndProject
Global
	GlobalSection(SolutionConfigurationPlatforms) = preSolution
		Debug|Any CPU = Debug|Any CPU
		Release|Any CPU = Release|Any CPU
	EndGlobalSection
	GlobalSection(ProjectConfigurationPlatforms) = postSolution
		{3D0875AB-7FF8-4B02-9FA8-75761419B61F}.Debug|Any CPU.ActiveCfg = Debug|Any CPU
		{3D0875AB-7FF8-4B02-9FA8-75761419B61F}.Debug|Any CPU.Build.0 = Debug|Any CPU
		{3D0875AB-7FF8-4B02-9FA8-75761419B61F}.Release|Any CPU.ActiveCfg = Release|Any CPU
		{3D0875AB-7FF8-4B02-9FA8-75761419B61F}.Release|Any CPU.Build.0 = Release|Any CPU
	EndGlobalSection
	GlobalSection(SolutionProperties) = preSolution
		HideSolutionNode = FALSE
	EndGlobalSection
	GlobalSection(ExtensibilityGlobals) = postSolution
		SolutionGuid = {5341A8A1-599E-44C1-B0D7-DE3022DDD394}
	EndGlobalSection
EndGlobal
