
Microsoft Visual Studio Solution File, Format Version 12.00
# Visual Studio Version 17
VisualStudioVersion = 17.2.32516.85
MinimumVisualStudioVersion = 10.0.40219.1
Project("{FAE04EC0-301F-11D3-BF4B-00C04F79EFBC}") = "bankingAPP", "bankingAPP.csproj", "{6391477C-D980-4A93-83B9-AECC14F9B350}"
EndProject
Global
	GlobalSection(SolutionConfigurationPlatforms) = preSolution
		Debug|Any CPU = Debug|Any CPU
		Release|Any CPU = Release|Any CPU
	EndGlobalSection
	GlobalSection(ProjectConfigurationPlatforms) = postSolution
		{6391477C-D980-4A93-83B9-AECC14F9B350}.Debug|Any CPU.ActiveCfg = Debug|Any CPU
		{6391477C-D980-4A93-83B9-AECC14F9B350}.Debug|Any CPU.Build.0 = Debug|Any CPU
		{6391477C-D980-4A93-83B9-AECC14F9B350}.Release|Any CPU.ActiveCfg = Release|Any CPU
		{6391477C-D980-4A93-83B9-AECC14F9B350}.Release|Any CPU.Build.0 = Release|Any CPU
	EndGlobalSection
	GlobalSection(SolutionProperties) = preSolution
		HideSolutionNode = FALSE
	EndGlobalSection
	GlobalSection(ExtensibilityGlobals) = postSolution
		SolutionGuid = {1A9DE017-BDC7-4802-912C-9E1EBCF9B2D0}
	EndGlobalSection
EndGlobal
